
Microsoft Visual Studio Solution File, Format Version 12.00
# Visual Studio Version 16
VisualStudioVersion = 16.0.30204.135
MinimumVisualStudioVersion = 10.0.40219.1
Project("{FAE04EC0-301F-11D3-BF4B-00C04F79EFBC}") = "S4_aula45_exe03", "S4_aula45_exe03.csproj", "{9A0E6DB2-0E34-498F-944B-DB2EAD08F3E8}"
EndProject
Global
	GlobalSection(SolutionConfigurationPlatforms) = preSolution
		Debug|Any CPU = Debug|Any CPU
		Release|Any CPU = Release|Any CPU
	EndGlobalSection
	GlobalSection(ProjectConfigurationPlatforms) = postSolution
		{9A0E6DB2-0E34-498F-944B-DB2EAD08F3E8}.Debug|Any CPU.ActiveCfg = Debug|Any CPU
		{9A0E6DB2-0E34-498F-944B-DB2EAD08F3E8}.Debug|Any CPU.Build.0 = Debug|Any CPU
		{9A0E6DB2-0E34-498F-944B-DB2EAD08F3E8}.Release|Any CPU.ActiveCfg = Release|Any CPU
		{9A0E6DB2-0E34-498F-944B-DB2EAD08F3E8}.Release|Any CPU.Build.0 = Release|Any CPU
	EndGlobalSection
	GlobalSection(SolutionProperties) = preSolution
		HideSolutionNode = FALSE
	EndGlobalSection
	GlobalSection(ExtensibilityGlobals) = postSolution
		SolutionGuid = {E9A06CB8-3615-44D6-8C91-634E5D638D27}
	EndGlobalSection
EndGlobal
