
Microsoft Visual Studio Solution File, Format Version 12.00
# Visual Studio Version 16
VisualStudioVersion = 16.0.30204.135
MinimumVisualStudioVersion = 10.0.40219.1
Project("{FAE04EC0-301F-11D3-BF4B-00C04F79EFBC}") = "S3_aula29_exe06", "S3_aula29_exe06.csproj", "{AA618295-7DD1-45CB-967E-F45CA6F125F4}"
EndProject
Global
	GlobalSection(SolutionConfigurationPlatforms) = preSolution
		Debug|Any CPU = Debug|Any CPU
		Release|Any CPU = Release|Any CPU
	EndGlobalSection
	GlobalSection(ProjectConfigurationPlatforms) = postSolution
		{AA618295-7DD1-45CB-967E-F45CA6F125F4}.Debug|Any CPU.ActiveCfg = Debug|Any CPU
		{AA618295-7DD1-45CB-967E-F45CA6F125F4}.Debug|Any CPU.Build.0 = Debug|Any CPU
		{AA618295-7DD1-45CB-967E-F45CA6F125F4}.Release|Any CPU.ActiveCfg = Release|Any CPU
		{AA618295-7DD1-45CB-967E-F45CA6F125F4}.Release|Any CPU.Build.0 = Release|Any CPU
	EndGlobalSection
	GlobalSection(SolutionProperties) = preSolution
		HideSolutionNode = FALSE
	EndGlobalSection
	GlobalSection(ExtensibilityGlobals) = postSolution
		SolutionGuid = {4148A068-B031-40BA-92E1-4B12E701F2E3}
	EndGlobalSection
EndGlobal
