
Microsoft Visual Studio Solution File, Format Version 12.00
# Visual Studio Version 16
VisualStudioVersion = 16.0.30204.135
MinimumVisualStudioVersion = 10.0.40219.1
Project("{FAE04EC0-301F-11D3-BF4B-00C04F79EFBC}") = "S3_aula35_exe04", "S3_aula35_exe04.csproj", "{741CB067-FC47-4889-8E08-83203EFB8FBB}"
EndProject
Global
	GlobalSection(SolutionConfigurationPlatforms) = preSolution
		Debug|Any CPU = Debug|Any CPU
		Release|Any CPU = Release|Any CPU
	EndGlobalSection
	GlobalSection(ProjectConfigurationPlatforms) = postSolution
		{741CB067-FC47-4889-8E08-83203EFB8FBB}.Debug|Any CPU.ActiveCfg = Debug|Any CPU
		{741CB067-FC47-4889-8E08-83203EFB8FBB}.Debug|Any CPU.Build.0 = Debug|Any CPU
		{741CB067-FC47-4889-8E08-83203EFB8FBB}.Release|Any CPU.ActiveCfg = Release|Any CPU
		{741CB067-FC47-4889-8E08-83203EFB8FBB}.Release|Any CPU.Build.0 = Release|Any CPU
	EndGlobalSection
	GlobalSection(SolutionProperties) = preSolution
		HideSolutionNode = FALSE
	EndGlobalSection
	GlobalSection(ExtensibilityGlobals) = postSolution
		SolutionGuid = {2E4286CD-EAF0-46E0-807C-810D5A338E78}
	EndGlobalSection
EndGlobal
