
Microsoft Visual Studio Solution File, Format Version 12.00
# Visual Studio Version 16
VisualStudioVersion = 16.0.30204.135
MinimumVisualStudioVersion = 10.0.40219.1
Project("{FAE04EC0-301F-11D3-BF4B-00C04F79EFBC}") = "S4_aula40_exe02", "S4_aula40_exe02.csproj", "{59E0BC2B-DF26-4606-BA8A-3F31764634B7}"
EndProject
Global
	GlobalSection(SolutionConfigurationPlatforms) = preSolution
		Debug|Any CPU = Debug|Any CPU
		Release|Any CPU = Release|Any CPU
	EndGlobalSection
	GlobalSection(ProjectConfigurationPlatforms) = postSolution
		{59E0BC2B-DF26-4606-BA8A-3F31764634B7}.Debug|Any CPU.ActiveCfg = Debug|Any CPU
		{59E0BC2B-DF26-4606-BA8A-3F31764634B7}.Debug|Any CPU.Build.0 = Debug|Any CPU
		{59E0BC2B-DF26-4606-BA8A-3F31764634B7}.Release|Any CPU.ActiveCfg = Release|Any CPU
		{59E0BC2B-DF26-4606-BA8A-3F31764634B7}.Release|Any CPU.Build.0 = Release|Any CPU
	EndGlobalSection
	GlobalSection(SolutionProperties) = preSolution
		HideSolutionNode = FALSE
	EndGlobalSection
	GlobalSection(ExtensibilityGlobals) = postSolution
		SolutionGuid = {26238C0A-A441-401E-AC5D-515F12C8F3BD}
	EndGlobalSection
EndGlobal
