
Microsoft Visual Studio Solution File, Format Version 12.00
# Visual Studio Version 16
VisualStudioVersion = 16.0.30204.135
MinimumVisualStudioVersion = 10.0.40219.1
Project("{FAE04EC0-301F-11D3-BF4B-00C04F79EFBC}") = "S3_aula35_exe03", "S3_aula35_exe03.csproj", "{99DA3992-8F85-4B16-95DA-86FB67069E01}"
EndProject
Global
	GlobalSection(SolutionConfigurationPlatforms) = preSolution
		Debug|Any CPU = Debug|Any CPU
		Release|Any CPU = Release|Any CPU
	EndGlobalSection
	GlobalSection(ProjectConfigurationPlatforms) = postSolution
		{99DA3992-8F85-4B16-95DA-86FB67069E01}.Debug|Any CPU.ActiveCfg = Debug|Any CPU
		{99DA3992-8F85-4B16-95DA-86FB67069E01}.Debug|Any CPU.Build.0 = Debug|Any CPU
		{99DA3992-8F85-4B16-95DA-86FB67069E01}.Release|Any CPU.ActiveCfg = Release|Any CPU
		{99DA3992-8F85-4B16-95DA-86FB67069E01}.Release|Any CPU.Build.0 = Release|Any CPU
	EndGlobalSection
	GlobalSection(SolutionProperties) = preSolution
		HideSolutionNode = FALSE
	EndGlobalSection
	GlobalSection(ExtensibilityGlobals) = postSolution
		SolutionGuid = {1923707B-C429-4DE6-B984-B7A62DB5A933}
	EndGlobalSection
EndGlobal
