
Microsoft Visual Studio Solution File, Format Version 12.00
# Visual Studio 14
VisualStudioVersion = 14.0.25420.1
MinimumVisualStudioVersion = 10.0.40219.1
Project("{FAE04EC0-301F-11D3-BF4B-00C04F79EFBC}") = "S1_Prova_exe_1_2", "S2_Prova_exe_1_2\S1_Prova_exe_1_2.csproj", "{BF78462D-33DD-4AE1-B5E1-B3722ADAB86B}"
EndProject
Global
	GlobalSection(SolutionConfigurationPlatforms) = preSolution
		Debug|Any CPU = Debug|Any CPU
		Release|Any CPU = Release|Any CPU
	EndGlobalSection
	GlobalSection(ProjectConfigurationPlatforms) = postSolution
		{BF78462D-33DD-4AE1-B5E1-B3722ADAB86B}.Debug|Any CPU.ActiveCfg = Debug|Any CPU
		{BF78462D-33DD-4AE1-B5E1-B3722ADAB86B}.Debug|Any CPU.Build.0 = Debug|Any CPU
		{BF78462D-33DD-4AE1-B5E1-B3722ADAB86B}.Release|Any CPU.ActiveCfg = Release|Any CPU
		{BF78462D-33DD-4AE1-B5E1-B3722ADAB86B}.Release|Any CPU.Build.0 = Release|Any CPU
	EndGlobalSection
	GlobalSection(SolutionProperties) = preSolution
		HideSolutionNode = FALSE
	EndGlobalSection
EndGlobal
